
Microsoft Visual Studio Solution File, Format Version 12.00
# Visual Studio Version 17
VisualStudioVersion = 17.11.35431.28
MinimumVisualStudioVersion = 10.0.40219.1
Project("{FAE04EC0-301F-11D3-BF4B-00C04F79EFBC}") = "apl-batch-readQueue", "apl-batch-readQueue\apl-batch-readQueue.csproj", "{FA6839C8-3C30-49F8-B381-3D8A825A47AF}"
EndProject
Global
	GlobalSection(SolutionConfigurationPlatforms) = preSolution
		Debug|Any CPU = Debug|Any CPU
		Release|Any CPU = Release|Any CPU
	EndGlobalSection
	GlobalSection(ProjectConfigurationPlatforms) = postSolution
		{FA6839C8-3C30-49F8-B381-3D8A825A47AF}.Debug|Any CPU.ActiveCfg = Debug|Any CPU
		{FA6839C8-3C30-49F8-B381-3D8A825A47AF}.Debug|Any CPU.Build.0 = Debug|Any CPU
		{FA6839C8-3C30-49F8-B381-3D8A825A47AF}.Release|Any CPU.ActiveCfg = Release|Any CPU
		{FA6839C8-3C30-49F8-B381-3D8A825A47AF}.Release|Any CPU.Build.0 = Release|Any CPU
	EndGlobalSection
	GlobalSection(SolutionProperties) = preSolution
		HideSolutionNode = FALSE
	EndGlobalSection
	GlobalSection(ExtensibilityGlobals) = postSolution
		SolutionGuid = {589FC780-2F7E-421C-B0E6-8D23E1F655C0}
	EndGlobalSection
EndGlobal
